PODS:
  - audio_waveforms (0.0.1):
    - Flutter
  - Flutter (1.0.0)
  - flutter_llama (1.0.0):
    - Flutter
  - sherpa_onnx_ios (1.13.4):
    - Flutter

DEPENDENCIES:
  - audio_waveforms (from `.symlinks/plugins/audio_waveforms/ios`)
  - Flutter (from `Flutter`)
  - flutter_llama (from `.symlinks/plugins/flutter_llama/ios`)
  - sherpa_onnx_ios (from `.symlinks/plugins/sherpa_onnx_ios/ios`)

EXTERNAL SOURCES:
  audio_waveforms:
    :path: ".symlinks/plugins/audio_waveforms/ios"
  Flutter:
    :path: Flutter
  flutter_llama:
    :path: ".symlinks/plugins/flutter_llama/ios"
  sherpa_onnx_ios:
    :path: ".symlinks/plugins/sherpa_onnx_ios/ios"

SPEC CHECKSUMS:
  audio_waveforms: a6dde7fe7c0ea05f06ffbdb0f7c1b2b2ba6cedcf
  Flutter: cabc95a1d2626b1b06e7179b784ebcf0c0cde467
  flutter_llama: 6e228198f708bc58cf75eabc96f0c5d0eedaced7
  sherpa_onnx_ios: 32af18abd5c776d5f425d2abe0903471d26db221

PODFILE CHECKSUM: b32ed75449682962ce3588a016f9ec6b708d1f3e

COCOAPODS: 1.16.2
